// !$*UTF8*$!
{
	archiveVersion = 1;
	classes = {
	};
	objectVersion = 56;
	objects = {

/* Begin PBXBuildFile section */
		1BFAC8A82918820500188F82 /* SignUpInfoView.swift in Sources */ = {isa = PBXBuildFile; fileRef = 1BFAC8A72918820500188F82 /* SignUpInfoView.swift */; };
		1BFAC8AB291896BE00188F82 /* SignUpViewModel.swift in Sources */ = {isa = PBXBuildFile; fileRef = 1BFAC8AA291896BE00188F82 /* SignUpViewModel.swift */; };
		1BFAC8AE291B292800188F82 /* SignUpError.swift in Sources */ = {isa = PBXBuildFile; fileRef = 1BFAC8AD291B292800188F82 /* SignUpError.swift */; };
		1BFAC8B2291B852D00188F82 /* SignUpTermsView.swift in Sources */ = {isa = PBXBuildFile; fileRef = 1BFAC8B1291B852D00188F82 /* SignUpTermsView.swift */; };
		1BFAC8B4291B855D00188F82 /* SignUpSuccessView.swift in Sources */ = {isa = PBXBuildFile; fileRef = 1BFAC8B3291B855D00188F82 /* SignUpSuccessView.swift */; };
		1BFAC8B6291B856D00188F82 /* SignUpScreen.swift in Sources */ = {isa = PBXBuildFile; fileRef = 1BFAC8B5291B856D00188F82 /* SignUpScreen.swift */; };
		1BFAC8C32924B3E400188F82 /* String+Regex.swift in Sources */ = {isa = PBXBuildFile; fileRef = 1BFAC8C22924B3E400188F82 /* String+Regex.swift */; };
		1BFAC8C52924B42500188F82 /* Color.swift in Sources */ = {isa = PBXBuildFile; fileRef = 1BFAC8C42924B42500188F82 /* Color.swift */; };
		1BFAC8CE292CFDA800188F82 /* MapScreen.swift in Sources */ = {isa = PBXBuildFile; fileRef = 1BFAC8CD292CFDA800188F82 /* MapScreen.swift */; };
		E032D2EE28DDDE9900159F3D /* jjbaksaApp.swift in Sources */ = {isa = PBXBuildFile; fileRef = E032D2ED28DDDE9900159F3D /* jjbaksaApp.swift */; };
		E032D2F228DDDE9A00159F3D /* Assets.xcassets in Resources */ = {isa = PBXBuildFile; fileRef = E032D2F128DDDE9A00159F3D /* Assets.xcassets */; };
		E032D2F528DDDE9A00159F3D /* Preview Assets.xcassets in Resources */ = {isa = PBXBuildFile; fileRef = E032D2F428DDDE9A00159F3D /* Preview Assets.xcassets */; };
		E032D30428DDDEEC00159F3D /* RootScreen.swift in Sources */ = {isa = PBXBuildFile; fileRef = E032D30328DDDEEC00159F3D /* RootScreen.swift */; };
		E032D30628DDDF0400159F3D /* RootViewModel.swift in Sources */ = {isa = PBXBuildFile; fileRef = E032D30528DDDF0400159F3D /* RootViewModel.swift */; };
		E0343E3E28E31F3100221072 /* LogInScreen.swift in Sources */ = {isa = PBXBuildFile; fileRef = E0343E3D28E31F3100221072 /* LogInScreen.swift */; };
		E0343E4228E31F5000221072 /* LogInViewModel.swift in Sources */ = {isa = PBXBuildFile; fileRef = E0343E4128E31F5000221072 /* LogInViewModel.swift */; };
		E0343E4428E322DB00221072 /* UserRepository.swift in Sources */ = {isa = PBXBuildFile; fileRef = E0343E4328E322DB00221072 /* UserRepository.swift */; };
		E0343E4728E3237F00221072 /* Alamofire in Frameworks */ = {isa = PBXBuildFile; productRef = E0343E4628E3237F00221072 /* Alamofire */; };
		E0343E4A28E323D600221072 /* Token.swift in Sources */ = {isa = PBXBuildFile; fileRef = E0343E4928E323D600221072 /* Token.swift */; };
		E0343E4C28E3248100221072 /* LogInRequest.swift in Sources */ = {isa = PBXBuildFile; fileRef = E0343E4B28E3248100221072 /* LogInRequest.swift */; };
		FDD148FD0FE92E9D78E78658 /* Pods_jjbaksa.framework in Frameworks */ = {isa = PBXBuildFile; fileRef = DB88C60566CCF3B54FD82205 /* Pods_jjbaksa.framework */; };
/* End PBXBuildFile section */

/* Begin PBXFileReference section */
		1BFAC8A72918820500188F82 /* SignUpInfoView.swift */ = {isa = PBXFileReference; lastKnownFileType = sourcecode.swift; path = SignUpInfoView.swift; sourceTree = "<group>"; };
		1BFAC8AA291896BE00188F82 /* SignUpViewModel.swift */ = {isa = PBXFileReference; lastKnownFileType = sourcecode.swift; path = SignUpViewModel.swift; sourceTree = "<group>"; };
		1BFAC8AD291B292800188F82 /* SignUpError.swift */ = {isa = PBXFileReference; lastKnownFileType = sourcecode.swift; path = SignUpError.swift; sourceTree = "<group>"; };
		1BFAC8B1291B852D00188F82 /* SignUpTermsView.swift */ = {isa = PBXFileReference; lastKnownFileType = sourcecode.swift; path = SignUpTermsView.swift; sourceTree = "<group>"; };
		1BFAC8B3291B855D00188F82 /* SignUpSuccessView.swift */ = {isa = PBXFileReference; lastKnownFileType = sourcecode.swift; path = SignUpSuccessView.swift; sourceTree = "<group>"; };
		1BFAC8B5291B856D00188F82 /* SignUpScreen.swift */ = {isa = PBXFileReference; lastKnownFileType = sourcecode.swift; path = SignUpScreen.swift; sourceTree = "<group>"; };
		1BFAC8C22924B3E400188F82 /* String+Regex.swift */ = {isa = PBXFileReference; lastKnownFileType = sourcecode.swift; path = "String+Regex.swift"; sourceTree = "<group>"; };
		1BFAC8C42924B42500188F82 /* Color.swift */ = {isa = PBXFileReference; lastKnownFileType = sourcecode.swift; path = Color.swift; sourceTree = "<group>"; };
		1BFAC8CB292CF8BE00188F82 /* Info.plist */ = {isa = PBXFileReference; lastKnownFileType = text.plist; path = Info.plist; sourceTree = "<group>"; };
		1BFAC8CD292CFDA800188F82 /* MapScreen.swift */ = {isa = PBXFileReference; lastKnownFileType = sourcecode.swift; path = MapScreen.swift; sourceTree = "<group>"; };
		84EBDF67A1A0420EC17296E5 /* Pods-jjbaksa.debug.xcconfig */ = {isa = PBXFileReference; includeInIndex = 1; lastKnownFileType = text.xcconfig; name = "Pods-jjbaksa.debug.xcconfig"; path = "Target Support Files/Pods-jjbaksa/Pods-jjbaksa.debug.xcconfig"; sourceTree = "<group>"; };
		DB88C60566CCF3B54FD82205 /* Pods_jjbaksa.framework */ = {isa = PBXFileReference; explicitFileType = wrapper.framework; includeInIndex = 0; path = Pods_jjbaksa.framework; sourceTree = BUILT_PRODUCTS_DIR; };
		E032D2EA28DDDE9900159F3D /* jjbaksa.app */ = {isa = PBXFileReference; explicitFileType = wrapper.application; includeInIndex = 0; path = jjbaksa.app; sourceTree = BUILT_PRODUCTS_DIR; };
		E032D2ED28DDDE9900159F3D /* jjbaksaApp.swift */ = {isa = PBXFileReference; lastKnownFileType = sourcecode.swift; path = jjbaksaApp.swift; sourceTree = "<group>"; };
		E032D2F128DDDE9A00159F3D /* Assets.xcassets */ = {isa = PBXFileReference; lastKnownFileType = folder.assetcatalog; path = Assets.xcassets; sourceTree = "<group>"; };
		E032D2F428DDDE9A00159F3D /* Preview Assets.xcassets */ = {isa = PBXFileReference; lastKnownFileType = folder.assetcatalog; path = "Preview Assets.xcassets"; sourceTree = "<group>"; };
		E032D30328DDDEEC00159F3D /* RootScreen.swift */ = {isa = PBXFileReference; lastKnownFileType = sourcecode.swift; path = RootScreen.swift; sourceTree = "<group>"; };
		E032D30528DDDF0400159F3D /* RootViewModel.swift */ = {isa = PBXFileReference; lastKnownFileType = sourcecode.swift; path = RootViewModel.swift; sourceTree = "<group>"; };
		E0343E3D28E31F3100221072 /* LogInScreen.swift */ = {isa = PBXFileReference; lastKnownFileType = sourcecode.swift; path = LogInScreen.swift; sourceTree = "<group>"; };
		E0343E4128E31F5000221072 /* LogInViewModel.swift */ = {isa = PBXFileReference; lastKnownFileType = sourcecode.swift; path = LogInViewModel.swift; sourceTree = "<group>"; };
		E0343E4328E322DB00221072 /* UserRepository.swift */ = {isa = PBXFileReference; lastKnownFileType = sourcecode.swift; path = UserRepository.swift; sourceTree = "<group>"; };
		E0343E4928E323D600221072 /* Token.swift */ = {isa = PBXFileReference; lastKnownFileType = sourcecode.swift; path = Token.swift; sourceTree = "<group>"; };
		E0343E4B28E3248100221072 /* LogInRequest.swift */ = {isa = PBXFileReference; lastKnownFileType = sourcecode.swift; path = LogInRequest.swift; sourceTree = "<group>"; };
		E6EDB8282D0B65F99029B9F0 /* Pods-jjbaksa.release.xcconfig */ = {isa = PBXFileReference; includeInIndex = 1; lastKnownFileType = text.xcconfig; name = "Pods-jjbaksa.release.xcconfig"; path = "Target Support Files/Pods-jjbaksa/Pods-jjbaksa.release.xcconfig"; sourceTree = "<group>"; };
/* End PBXFileReference section */

/* Begin PBXFrameworksBuildPhase section */
		E032D2E728DDDE9900159F3D /* Frameworks */ = {
			isa = PBXFrameworksBuildPhase;
			buildActionMask = 2147483647;
			files = (
				E0343E4728E3237F00221072 /* Alamofire in Frameworks */,
				FDD148FD0FE92E9D78E78658 /* Pods_jjbaksa.framework in Frameworks */,
			);
			runOnlyForDeploymentPostprocessing = 0;
		};
/* End PBXFrameworksBuildPhase section */

/* Begin PBXGroup section */
		1BFAC8A6291881CC00188F82 /* SignUp */ = {
			isa = PBXGroup;
			children = (
				1BFAC8AC291B286E00188F82 /* Models */,
				1BFAC8A92918821000188F82 /* ViewModels */,
				1BFAC8B5291B856D00188F82 /* SignUpScreen.swift */,
				1BFAC8B1291B852D00188F82 /* SignUpTermsView.swift */,
				1BFAC8A72918820500188F82 /* SignUpInfoView.swift */,
				1BFAC8B3291B855D00188F82 /* SignUpSuccessView.swift */,
			);
			path = SignUp;
			sourceTree = "<group>";
		};
		1BFAC8A92918821000188F82 /* ViewModels */ = {
			isa = PBXGroup;
			children = (
				1BFAC8AA291896BE00188F82 /* SignUpViewModel.swift */,
			);
			path = ViewModels;
			sourceTree = "<group>";
		};
		1BFAC8AC291B286E00188F82 /* Models */ = {
			isa = PBXGroup;
			children = (
				1BFAC8AD291B292800188F82 /* SignUpError.swift */,
			);
			path = Models;
			sourceTree = "<group>";
		};
		1BFAC8C12924B3D800188F82 /* Utils */ = {
			isa = PBXGroup;
			children = (
				1BFAC8C22924B3E400188F82 /* String+Regex.swift */,
				1BFAC8C42924B42500188F82 /* Color.swift */,
			);
			path = Utils;
			sourceTree = "<group>";
		};
		1BFAC8CC292CFD9E00188F82 /* Map */ = {
			isa = PBXGroup;
			children = (
				1BFAC8CD292CFDA800188F82 /* MapScreen.swift */,
			);
			path = Map;
			sourceTree = "<group>";
		};
		6D32A30ACCB39FB3E279E8AB /* Frameworks */ = {
			isa = PBXGroup;
			children = (
				DB88C60566CCF3B54FD82205 /* Pods_jjbaksa.framework */,
			);
			name = Frameworks;
			sourceTree = "<group>";
		};
		E032D2E128DDDE9900159F3D = {
			isa = PBXGroup;
			children = (
				E032D2EC28DDDE9900159F3D /* jjbaksa */,
				E032D2EB28DDDE9900159F3D /* Products */,
				6D32A30ACCB39FB3E279E8AB /* Frameworks */,
				FECEA610FF1026AEA79FB8D9 /* Pods */,
			);
			sourceTree = "<group>";
		};
		E032D2EB28DDDE9900159F3D /* Products */ = {
			isa = PBXGroup;
			children = (
				E032D2EA28DDDE9900159F3D /* jjbaksa.app */,
			);
			name = Products;
			sourceTree = "<group>";
		};
		E032D2EC28DDDE9900159F3D /* jjbaksa */ = {
			isa = PBXGroup;
			children = (
				1BFAC8C12924B3D800188F82 /* Utils */,
				E032D2FD28DDDEB900159F3D /* Screens */,
				E032D2FC28DDDEB000159F3D /* Repositories */,
				E032D2ED28DDDE9900159F3D /* jjbaksaApp.swift */,
				E032D2F128DDDE9A00159F3D /* Assets.xcassets */,
				1BFAC8CB292CF8BE00188F82 /* Info.plist */,
				E032D2F328DDDE9A00159F3D /* Preview Content */,
			);
			path = jjbaksa;
			sourceTree = "<group>";
		};
		E032D2F328DDDE9A00159F3D /* Preview Content */ = {
			isa = PBXGroup;
			children = (
				E032D2F428DDDE9A00159F3D /* Preview Assets.xcassets */,
			);
			path = "Preview Content";
			sourceTree = "<group>";
		};
		E032D2FC28DDDEB000159F3D /* Repositories */ = {
			isa = PBXGroup;
			children = (
				E0343E4328E322DB00221072 /* UserRepository.swift */,
			);
			path = Repositories;
			sourceTree = "<group>";
		};
		E032D2FD28DDDEB900159F3D /* Screens */ = {
			isa = PBXGroup;
			children = (
				1BFAC8CC292CFD9E00188F82 /* Map */,
				1BFAC8A6291881CC00188F82 /* SignUp */,
				E0343E3C28E31F0100221072 /* LogIn */,
				E032D30028DDDED400159F3D /* Root */,
			);
			path = Screens;
			sourceTree = "<group>";
		};
		E032D30028DDDED400159F3D /* Root */ = {
			isa = PBXGroup;
			children = (
				E032D30128DDDED800159F3D /* ViewModels */,
				E032D30328DDDEEC00159F3D /* RootScreen.swift */,
			);
			path = Root;
			sourceTree = "<group>";
		};
		E032D30128DDDED800159F3D /* ViewModels */ = {
			isa = PBXGroup;
			children = (
				E032D30528DDDF0400159F3D /* RootViewModel.swift */,
			);
			path = ViewModels;
			sourceTree = "<group>";
		};
		E0343E3C28E31F0100221072 /* LogIn */ = {
			isa = PBXGroup;
			children = (
				E0343E4828E323C600221072 /* Models */,
				E0343E3F28E31F3600221072 /* ViewModels */,
				E0343E3D28E31F3100221072 /* LogInScreen.swift */,
			);
			path = LogIn;
			sourceTree = "<group>";
		};
		E0343E3F28E31F3600221072 /* ViewModels */ = {
			isa = PBXGroup;
			children = (
				E0343E4128E31F5000221072 /* LogInViewModel.swift */,
			);
			path = ViewModels;
			sourceTree = "<group>";
		};
		E0343E4828E323C600221072 /* Models */ = {
			isa = PBXGroup;
			children = (
				E0343E4928E323D600221072 /* Token.swift */,
				E0343E4B28E3248100221072 /* LogInRequest.swift */,
			);
			path = Models;
			sourceTree = "<group>";
		};
		FECEA610FF1026AEA79FB8D9 /* Pods */ = {
			isa = PBXGroup;
			children = (
				84EBDF67A1A0420EC17296E5 /* Pods-jjbaksa.debug.xcconfig */,
				E6EDB8282D0B65F99029B9F0 /* Pods-jjbaksa.release.xcconfig */,
			);
			path = Pods;
			sourceTree = "<group>";
		};
/* End PBXGroup section */

/* Begin PBXNativeTarget section */
		E032D2E928DDDE9900159F3D /* jjbaksa */ = {
			isa = PBXNativeTarget;
			buildConfigurationList = E032D2F828DDDE9A00159F3D /* Build configuration list for PBXNativeTarget "jjbaksa" */;
			buildPhases = (
				5790192346B7CB389C29733A /* [CP] Check Pods Manifest.lock */,
				E032D2E628DDDE9900159F3D /* Sources */,
				E032D2E728DDDE9900159F3D /* Frameworks */,
				E032D2E828DDDE9900159F3D /* Resources */,
				F86D38266FD157B2B04FD903 /* [CP] Embed Pods Frameworks */,
			);
			buildRules = (
			);
			dependencies = (
			);
			name = jjbaksa;
			packageProductDependencies = (
				E0343E4628E3237F00221072 /* Alamofire */,
			);
			productName = jjbaksa;
			productReference = E032D2EA28DDDE9900159F3D /* jjbaksa.app */;
			productType = "com.apple.product-type.application";
		};
/* End PBXNativeTarget section */

/* Begin PBXProject section */
		E032D2E228DDDE9900159F3D /* Project object */ = {
			isa = PBXProject;
			attributes = {
				BuildIndependentTargetsInParallel = 1;
				LastSwiftUpdateCheck = 1400;
				LastUpgradeCheck = 1400;
				TargetAttributes = {
					E032D2E928DDDE9900159F3D = {
						CreatedOnToolsVersion = 14.0;
					};
				};
			};
			buildConfigurationList = E032D2E528DDDE9900159F3D /* Build configuration list for PBXProject "jjbaksa" */;
			compatibilityVersion = "Xcode 14.0";
			developmentRegion = en;
			hasScannedForEncodings = 0;
			knownRegions = (
				en,
				Base,
			);
			mainGroup = E032D2E128DDDE9900159F3D;
			packageReferences = (
				E0343E4528E3237F00221072 /* XCRemoteSwiftPackageReference "Alamofire" */,
			);
			productRefGroup = E032D2EB28DDDE9900159F3D /* Products */;
			projectDirPath = "";
			projectRoot = "";
			targets = (
				E032D2E928DDDE9900159F3D /* jjbaksa */,
			);
		};
/* End PBXProject section */

/* Begin PBXResourcesBuildPhase section */
		E032D2E828DDDE9900159F3D /* Resources */ = {
			isa = PBXResourcesBuildPhase;
			buildActionMask = 2147483647;
			files = (
				E032D2F528DDDE9A00159F3D /* Preview Assets.xcassets in Resources */,
				E032D2F228DDDE9A00159F3D /* Assets.xcassets in Resources */,
			);
			runOnlyForDeploymentPostprocessing = 0;
		};
/* End PBXResourcesBuildPhase section */

/* Begin PBXShellScriptBuildPhase section */
		5790192346B7CB389C29733A /* [CP] Check Pods Manifest.lock */ = {
			isa = PBXShellScriptBuildPhase;
			buildActionMask = 2147483647;
			files = (
			);
			inputFileListPaths = (
			);
			inputPaths = (
				"${PODS_PODFILE_DIR_PATH}/Podfile.lock",
				"${PODS_ROOT}/Manifest.lock",
			);
			name = "[CP] Check Pods Manifest.lock";
			outputFileListPaths = (
			);
			outputPaths = (
				"$(DERIVED_FILE_DIR)/Pods-jjbaksa-checkManifestLockResult.txt",
			);
			runOnlyForDeploymentPostprocessing = 0;
			shellPath = /bin/sh;
			shellScript = "diff \"${PODS_PODFILE_DIR_PATH}/Podfile.lock\" \"${PODS_ROOT}/Manifest.lock\" > /dev/null\nif [ $? != 0 ] ; then\n    # print error to STDERR\n    echo \"error: The sandbox is not in sync with the Podfile.lock. Run 'pod install' or update your CocoaPods installation.\" >&2\n    exit 1\nfi\n# This output is used by Xcode 'outputs' to avoid re-running this script phase.\necho \"SUCCESS\" > \"${SCRIPT_OUTPUT_FILE_0}\"\n";
			showEnvVarsInLog = 0;
		};
		F86D38266FD157B2B04FD903 /* [CP] Embed Pods Frameworks */ = {
			isa = PBXShellScriptBuildPhase;
			buildActionMask = 2147483647;
			files = (
			);
			inputFileListPaths = (
				"${PODS_ROOT}/Target Support Files/Pods-jjbaksa/Pods-jjbaksa-frameworks-${CONFIGURATION}-input-files.xcfilelist",
			);
			name = "[CP] Embed Pods Frameworks";
			outputFileListPaths = (
				"${PODS_ROOT}/Target Support Files/Pods-jjbaksa/Pods-jjbaksa-frameworks-${CONFIGURATION}-output-files.xcfilelist",
			);
			runOnlyForDeploymentPostprocessing = 0;
			shellPath = /bin/sh;
			shellScript = "\"${PODS_ROOT}/Target Support Files/Pods-jjbaksa/Pods-jjbaksa-frameworks.sh\"\n";
			showEnvVarsInLog = 0;
		};
/* End PBXShellScriptBuildPhase section */

/* Begin PBXSourcesBuildPhase section */
		E032D2E628DDDE9900159F3D /* Sources */ = {
			isa = PBXSourcesBuildPhase;
			buildActionMask = 2147483647;
			files = (
				E0343E4A28E323D600221072 /* Token.swift in Sources */,
				E032D2EE28DDDE9900159F3D /* jjbaksaApp.swift in Sources */,
				1BFAC8C32924B3E400188F82 /* String+Regex.swift in Sources */,
				1BFAC8AE291B292800188F82 /* SignUpError.swift in Sources */,
				1BFAC8AB291896BE00188F82 /* SignUpViewModel.swift in Sources */,
				1BFAC8A82918820500188F82 /* SignUpInfoView.swift in Sources */,
				1BFAC8B6291B856D00188F82 /* SignUpScreen.swift in Sources */,
				E0343E4228E31F5000221072 /* LogInViewModel.swift in Sources */,
				E0343E4428E322DB00221072 /* UserRepository.swift in Sources */,
				1BFAC8C52924B42500188F82 /* Color.swift in Sources */,
				1BFAC8B2291B852D00188F82 /* SignUpTermsView.swift in Sources */,
				E0343E3E28E31F3100221072 /* LogInScreen.swift in Sources */,
				1BFAC8CE292CFDA800188F82 /* MapScreen.swift in Sources */,
				1BFAC8B4291B855D00188F82 /* SignUpSuccessView.swift in Sources */,
				E032D30628DDDF0400159F3D /* RootViewModel.swift in Sources */,
				E032D30428DDDEEC00159F3D /* RootScreen.swift in Sources */,
				E0343E4C28E3248100221072 /* LogInRequest.swift in Sources */,
			);
			runOnlyForDeploymentPostprocessing = 0;
		};
/* End PBXSourcesBuildPhase section */

/* Begin XCBuildConfiguration section */
		E032D2F628DDDE9A00159F3D /* Debug */ = {
			isa = XCBuildConfiguration;
			buildSettings = {
				ALWAYS_SEARCH_USER_PATHS = NO;
				CLANG_ANALYZER_NONNULL = YES;
				CLANG_ANALYZER_NUMBER_OBJECT_CONVERSION = YES_AGGRESSIVE;
				CLANG_CXX_LANGUAGE_STANDARD = "gnu++20";
				CLANG_ENABLE_MODULES = YES;
				CLANG_ENABLE_OBJC_ARC = YES;
				CLANG_ENABLE_OBJC_WEAK = YES;
				CLANG_WARN_BLOCK_CAPTURE_AUTORELEASING = YES;
				CLANG_WARN_BOOL_CONVERSION = YES;
				CLANG_WARN_COMMA = YES;
				CLANG_WARN_CONSTANT_CONVERSION = YES;
				CLANG_WARN_DEPRECATED_OBJC_IMPLEMENTATIONS = YES;
				CLANG_WARN_DIRECT_OBJC_ISA_USAGE = YES_ERROR;
				CLANG_WARN_DOCUMENTATION_COMMENTS = YES;
				CLANG_WARN_EMPTY_BODY = YES;
				CLANG_WARN_ENUM_CONVERSION = YES;
				CLANG_WARN_INFINITE_RECURSION = YES;
				CLANG_WARN_INT_CONVERSION = YES;
				CLANG_WARN_NON_LITERAL_NULL_CONVERSION = YES;
				CLANG_WARN_OBJC_IMPLICIT_RETAIN_SELF = YES;
				CLANG_WARN_OBJC_LITERAL_CONVERSION = YES;
				CLANG_WARN_OBJC_ROOT_CLASS = YES_ERROR;
				CLANG_WARN_QUOTED_INCLUDE_IN_FRAMEWORK_HEADER = YES;
				CLANG_WARN_RANGE_LOOP_ANALYSIS = YES;
				CLANG_WARN_STRICT_PROTOTYPES = YES;
				CLANG_WARN_SUSPICIOUS_MOVE = YES;
				CLANG_WARN_UNGUARDED_AVAILABILITY = YES_AGGRESSIVE;
				CLANG_WARN_UNREACHABLE_CODE = YES;
				CLANG_WARN__DUPLICATE_METHOD_MATCH = YES;
				COPY_PHASE_STRIP = NO;
				DEBUG_INFORMATION_FORMAT = dwarf;
				ENABLE_STRICT_OBJC_MSGSEND = YES;
				ENABLE_TESTABILITY = YES;
				GCC_C_LANGUAGE_STANDARD = gnu11;
				GCC_DYNAMIC_NO_PIC = NO;
				GCC_NO_COMMON_BLOCKS = YES;
				GCC_OPTIMIZATION_LEVEL = 0;
				GCC_PREPROCESSOR_DEFINITIONS = (
					"DEBUG=1",
					"$(inherited)",
				);
				GCC_WARN_64_TO_32_BIT_CONVERSION = YES;
				GCC_WARN_ABOUT_RETURN_TYPE = YES_ERROR;
				GCC_WARN_UNDECLARED_SELECTOR = YES;
				GCC_WARN_UNINITIALIZED_AUTOS = YES_AGGRESSIVE;
				GCC_WARN_UNUSED_FUNCTION = YES;
				GCC_WARN_UNUSED_VARIABLE = YES;
				IPHONEOS_DEPLOYMENT_TARGET = 16.0;
				MTL_ENABLE_DEBUG_INFO = INCLUDE_SOURCE;
				MTL_FAST_MATH = YES;
				ONLY_ACTIVE_ARCH = YES;
				SDKROOT = iphoneos;
				SWIFT_ACTIVE_COMPILATION_CONDITIONS = DEBUG;
				SWIFT_OPTIMIZATION_LEVEL = "-Onone";
			};
			name = Debug;
		};
		E032D2F728DDDE9A00159F3D /* Release */ = {
			isa = XCBuildConfiguration;
			buildSettings = {
				ALWAYS_SEARCH_USER_PATHS = NO;
				CLANG_ANALYZER_NONNULL = YES;
				CLANG_ANALYZER_NUMBER_OBJECT_CONVERSION = YES_AGGRESSIVE;
				CLANG_CXX_LANGUAGE_STANDARD = "gnu++20";
				CLANG_ENABLE_MODULES = YES;
				CLANG_ENABLE_OBJC_ARC = YES;
				CLANG_ENABLE_OBJC_WEAK = YES;
				CLANG_WARN_BLOCK_CAPTURE_AUTORELEASING = YES;
				CLANG_WARN_BOOL_CONVERSION = YES;
				CLANG_WARN_COMMA = YES;
				CLANG_WARN_CONSTANT_CONVERSION = YES;
				CLANG_WARN_DEPRECATED_OBJC_IMPLEMENTATIONS = YES;
				CLANG_WARN_DIRECT_OBJC_ISA_USAGE = YES_ERROR;
				CLANG_WARN_DOCUMENTATION_COMMENTS = YES;
				CLANG_WARN_EMPTY_BODY = YES;
				CLANG_WARN_ENUM_CONVERSION = YES;
				CLANG_WARN_INFINITE_RECURSION = YES;
				CLANG_WARN_INT_CONVERSION = YES;
				CLANG_WARN_NON_LITERAL_NULL_CONVERSION = YES;
				CLANG_WARN_OBJC_IMPLICIT_RETAIN_SELF = YES;
				CLANG_WARN_OBJC_LITERAL_CONVERSION = YES;
				CLANG_WARN_OBJC_ROOT_CLASS = YES_ERROR;
				CLANG_WARN_QUOTED_INCLUDE_IN_FRAMEWORK_HEADER = YES;
				CLANG_WARN_RANGE_LOOP_ANALYSIS = YES;
				CLANG_WARN_STRICT_PROTOTYPES = YES;
				CLANG_WARN_SUSPICIOUS_MOVE = YES;
				CLANG_WARN_UNGUARDED_AVAILABILITY = YES_AGGRESSIVE;
				CLANG_WARN_UNREACHABLE_CODE = YES;
				CLANG_WARN__DUPLICATE_METHOD_MATCH = YES;
				COPY_PHASE_STRIP = NO;
				DEBUG_INFORMATION_FORMAT = "dwarf-with-dsym";
				ENABLE_NS_ASSERTIONS = NO;
				ENABLE_STRICT_OBJC_MSGSEND = YES;
				GCC_C_LANGUAGE_STANDARD = gnu11;
				GCC_NO_COMMON_BLOCKS = YES;
				GCC_WARN_64_TO_32_BIT_CONVERSION = YES;
				GCC_WARN_ABOUT_RETURN_TYPE = YES_ERROR;
				GCC_WARN_UNDECLARED_SELECTOR = YES;
				GCC_WARN_UNINITIALIZED_AUTOS = YES_AGGRESSIVE;
				GCC_WARN_UNUSED_FUNCTION = YES;
				GCC_WARN_UNUSED_VARIABLE = YES;
				IPHONEOS_DEPLOYMENT_TARGET = 16.0;
				MTL_ENABLE_DEBUG_INFO = NO;
				MTL_FAST_MATH = YES;
				SDKROOT = iphoneos;
				SWIFT_COMPILATION_MODE = wholemodule;
				SWIFT_OPTIMIZATION_LEVEL = "-O";
				VALIDATE_PRODUCT = YES;
			};
			name = Release;
		};
		E032D2F928DDDE9A00159F3D /* Debug */ = {
			isa = XCBuildConfiguration;
			baseConfigurationReference = 84EBDF67A1A0420EC17296E5 /* Pods-jjbaksa.debug.xcconfig */;
			buildSettings = {
				ASSETCATALOG_COMPILER_APPICON_NAME = AppIcon;
				ASSETCATALOG_COMPILER_GLOBAL_ACCENT_COLOR_NAME = AccentColor;
				CODE_SIGN_STYLE = Automatic;
				CURRENT_PROJECT_VERSION = 1;
				DEVELOPMENT_ASSET_PATHS = "\"jjbaksa/Preview Content\"";
				DEVELOPMENT_TEAM = K626UYGR25;
				ENABLE_PREVIEWS = YES;
				GENERATE_INFOPLIST_FILE = YES;
				INFOPLIST_FILE = jjbaksa/Info.plist;
				INFOPLIST_KEY_NSLocationAlwaysAndWhenInUseUsageDescription = "위치 권한";
				INFOPLIST_KEY_UIApplicationSceneManifest_Generation = YES;
				INFOPLIST_KEY_UIApplicationSupportsIndirectInputEvents = YES;
				INFOPLIST_KEY_UILaunchScreen_Generation = YES;
				INFOPLIST_KEY_UISupportedInterfaceOrientations_iPad = "UIInterfaceOrientationPortrait UIInterfaceOrientationPortraitUpsideDown UIInterfaceOrientationLandscapeLeft UIInterfaceOrientationLandscapeRight";
				INFOPLIST_KEY_UISupportedInterfaceOrientations_iPhone = "UIInterfaceOrientationPortrait UIInterfaceOrientationLandscapeLeft UIInterfaceOrientationLandscapeRight";
				LD_RUNPATH_SEARCH_PATHS = (
					"$(inherited)",
					"@executable_path/Frameworks",
				);
				MARKETING_VERSION = 1.0;
				PRODUCT_BUNDLE_IDENTIFIER = com.bcsdlab.jjbaksa;
				PRODUCT_NAME = "$(TARGET_NAME)";
				SWIFT_EMIT_LOC_STRINGS = YES;
				SWIFT_VERSION = 5.0;
				TARGETED_DEVICE_FAMILY = "1,2";
			};
			name = Debug;
		};
		E032D2FA28DDDE9A00159F3D /* Release */ = {
			isa = XCBuildConfiguration;
			baseConfigurationReference = E6EDB8282D0B65F99029B9F0 /* Pods-jjbaksa.release.xcconfig */;
			buildSettings = {
				ASSETCATALOG_COMPILER_APPICON_NAME = AppIcon;
				ASSETCATALOG_COMPILER_GLOBAL_ACCENT_COLOR_NAME = AccentColor;
				CODE_SIGN_STYLE = Automatic;
				CURRENT_PROJECT_VERSION = 1;
				DEVELOPMENT_ASSET_PATHS = "\"jjbaksa/Preview Content\"";
				DEVELOPMENT_TEAM = K626UYGR25;
				ENABLE_PREVIEWS = YES;
				GENERATE_INFOPLIST_FILE = YES;
				INFOPLIST_FILE = jjbaksa/Info.plist;
				INFOPLIST_KEY_NSLocationAlwaysAndWhenInUseUsageDescription = "위치 권한";
				INFOPLIST_KEY_UIApplicationSceneManifest_Generation = YES;
				INFOPLIST_KEY_UIApplicationSupportsIndirectInputEvents = YES;
				INFOPLIST_KEY_UILaunchScreen_Generation = YES;
				INFOPLIST_KEY_UISupportedInterfaceOrientations_iPad = "UIInterfaceOrientationPortrait UIInterfaceOrientationPortraitUpsideDown UIInterfaceOrientationLandscapeLeft UIInterfaceOrientationLandscapeRight";
				INFOPLIST_KEY_UISupportedInterfaceOrientations_iPhone = "UIInterfaceOrientationPortrait UIInterfaceOrientationLandscapeLeft UIInterfaceOrientationLandscapeRight";
				LD_RUNPATH_SEARCH_PATHS = (
					"$(inherited)",
					"@executable_path/Frameworks",
				);
				MARKETING_VERSION = 1.0;
				PRODUCT_BUNDLE_IDENTIFIER = com.bcsdlab.jjbaksa;
				PRODUCT_NAME = "$(TARGET_NAME)";
				SWIFT_EMIT_LOC_STRINGS = YES;
				SWIFT_VERSION = 5.0;
				TARGETED_DEVICE_FAMILY = "1,2";
			};
			name = Release;
		};
/* End XCBuildConfiguration section */

/* Begin XCConfigurationList section */
		E032D2E528DDDE9900159F3D /* Build configuration list for PBXProject "jjbaksa" */ = {
			isa = XCConfigurationList;
			buildConfigurations = (
				E032D2F628DDDE9A00159F3D /* Debug */,
				E032D2F728DDDE9A00159F3D /* Release */,
			);
			defaultConfigurationIsVisible = 0;
			defaultConfigurationName = Release;
		};
		E032D2F828DDDE9A00159F3D /* Build configuration list for PBXNativeTarget "jjbaksa" */ = {
			isa = XCConfigurationList;
			buildConfigurations = (
				E032D2F928DDDE9A00159F3D /* Debug */,
				E032D2FA28DDDE9A00159F3D /* Release */,
			);
			defaultConfigurationIsVisible = 0;
			defaultConfigurationName = Release;
		};
/* End XCConfigurationList section */

/* Begin XCRemoteSwiftPackageReference section */
		E0343E4528E3237F00221072 /* XCRemoteSwiftPackageReference "Alamofire" */ = {
			isa = XCRemoteSwiftPackageReference;
			repositoryURL = "https://github.com/Alamofire/Alamofire.git";
			requirement = {
				kind = upToNextMajorVersion;
				minimumVersion = 5.6.1;
			};
		};
/* End XCRemoteSwiftPackageReference section */

/* Begin XCSwiftPackageProductDependency section */
		E0343E4628E3237F00221072 /* Alamofire */ = {
			isa = XCSwiftPackageProductDependency;
			package = E0343E4528E3237F00221072 /* XCRemoteSwiftPackageReference "Alamofire" */;
			productName = Alamofire;
		};
/* End XCSwiftPackageProductDependency section */
	};
	rootObject = E032D2E228DDDE9900159F3D /* Project object */;
}
